// !$*UTF8*$!
{
	archiveVersion = 1;
	classes = {
	};
	objectVersion = 46;
	objects = {

/* Begin PBXBuildFile section */
		200FD855D82021E68500E1EA /* LaunchScreen.xib in Sources */ = {isa = PBXBuildFile; fileRef = E2149DDCBE1171E41A64A252 /* LaunchScreen.xib */; };
		74AEE5CFB36603A65F62C9D7 /* Main.storyboard in Sources */ = {isa = PBXBuildFile; fileRef = 651E9853A61AB9ED394495AE /* Main.storyboard */; };
		82205F9840595A24D8D0ED45 /* Images.xcassets in Resources */ = {isa = PBXBuildFile; fileRef = 18A5BC68909FC89C632C465E /* Images.xcassets */; };
		C2D074A6E528C83C3DA916FE /* AppDelegate.swift in Sources */ = {isa = PBXBuildFile; fileRef = CB1C92C7FCD24124E06A0C55 /* AppDelegate.swift */; };
		D9567208177D66BC1F4D50BD /* Settings.bundle in Resources */ = {isa = PBXBuildFile; fileRef = 29ABAF428C826AD4E083FA01 /* Settings.bundle */; };
		E71F52D81AEAB5B400A12D64 /* PaddedTextField.swift in Sources */ = {isa = PBXBuildFile; fileRef = E71F52D71AEAB5B400A12D64 /* PaddedTextField.swift */; };
		E71F52DA1AEAC0EA00A12D64 /* CommentViewModel.swift in Sources */ = {isa = PBXBuildFile; fileRef = E71F52D91AEAC0EA00A12D64 /* CommentViewModel.swift */; };
		E71F52DC1AEAC61500A12D64 /* SettingsTableViewController.swift in Sources */ = {isa = PBXBuildFile; fileRef = E71F52DB1AEAC61500A12D64 /* SettingsTableViewController.swift */; };
		E71F52DE1AEAD87500A12D64 /* LocationManager.swift in Sources */ = {isa = PBXBuildFile; fileRef = E71F52DD1AEAD87500A12D64 /* LocationManager.swift */; };
		E747E9A51AD6D60B0049018E /* LlamaKit.framework in Frameworks */ = {isa = PBXBuildFile; fileRef = E747E9A11AD6D60B0049018E /* LlamaKit.framework */; };
		E747E9A81AD6D60B0049018E /* Runes.framework in Frameworks */ = {isa = PBXBuildFile; fileRef = E747E9A41AD6D60B0049018E /* Runes.framework */; };
		E747E9AD1AD6D7940049018E /* Nimble.framework in CopyFiles */ = {isa = PBXBuildFile; fileRef = E747E9AC1AD6D7940049018E /* Nimble.framework */; settings = {ATTRIBUTES = (CodeSignOnCopy, RemoveHeadersOnCopy, ); }; };
		E747E9AF1AD6D7A60049018E /* Quick.framework in CopyFiles */ = {isa = PBXBuildFile; fileRef = E747E9AE1AD6D7A60049018E /* Quick.framework */; settings = {ATTRIBUTES = (CodeSignOnCopy, RemoveHeadersOnCopy, ); }; };
		E747E9B51AD6D9210049018E /* AudioToolbox.framework in Frameworks */ = {isa = PBXBuildFile; fileRef = E747E9B41AD6D9210049018E /* AudioToolbox.framework */; };
		E747E9B71AD6D9270049018E /* CFNetwork.framework in Frameworks */ = {isa = PBXBuildFile; fileRef = E747E9B61AD6D9270049018E /* CFNetwork.framework */; };
		E747E9B91AD6D92F0049018E /* CoreGraphics.framework in Frameworks */ = {isa = PBXBuildFile; fileRef = E747E9B81AD6D92F0049018E /* CoreGraphics.framework */; };
		E747E9BB1AD6D9380049018E /* CoreLocation.framework in Frameworks */ = {isa = PBXBuildFile; fileRef = E747E9BA1AD6D9380049018E /* CoreLocation.framework */; };
		E747E9BD1AD6D94D0049018E /* QuartzCore.framework in Frameworks */ = {isa = PBXBuildFile; fileRef = E747E9BC1AD6D94D0049018E /* QuartzCore.framework */; };
		E747E9BF1AD6D9580049018E /* MobileCoreServices.framework in Frameworks */ = {isa = PBXBuildFile; fileRef = E747E9BE1AD6D9580049018E /* MobileCoreServices.framework */; };
		E747E9C11AD6D9650049018E /* Security.framework in Frameworks */ = {isa = PBXBuildFile; fileRef = E747E9C01AD6D9650049018E /* Security.framework */; };
		E747E9C51AD6D9740049018E /* SystemConfiguration.framework in Frameworks */ = {isa = PBXBuildFile; fileRef = E747E9C41AD6D9740049018E /* SystemConfiguration.framework */; };
		E747E9C71AD6D97C0049018E /* libz.dylib in Frameworks */ = {isa = PBXBuildFile; fileRef = E747E9C61AD6D97C0049018E /* libz.dylib */; };
		E747E9C91AD6D9840049018E /* libsqlite3.dylib in Frameworks */ = {isa = PBXBuildFile; fileRef = E747E9C81AD6D9840049018E /* libsqlite3.dylib */; };
		E747E9CB1AD81EB60049018E /* ItWorksSpec.swift in Sources */ = {isa = PBXBuildFile; fileRef = E747E9CA1AD81EB60049018E /* ItWorksSpec.swift */; };
		E747E9CC1AD81F570049018E /* Quick.framework in Frameworks */ = {isa = PBXBuildFile; fileRef = E747E9AE1AD6D7A60049018E /* Quick.framework */; };
		E747E9CD1AD81F5A0049018E /* Nimble.framework in Frameworks */ = {isa = PBXBuildFile; fileRef = E747E9AC1AD6D7940049018E /* Nimble.framework */; };
		E747E9CF1AD8204C0049018E /* Keys.swift in Sources */ = {isa = PBXBuildFile; fileRef = E747E9CE1AD8204C0049018E /* Keys.swift */; };
		E747E9D21AD824EA0049018E /* Bolts.framework in Frameworks */ = {isa = PBXBuildFile; fileRef = E747E9D01AD824EA0049018E /* Bolts.framework */; };
		E747E9D31AD824EA0049018E /* Parse.framework in Frameworks */ = {isa = PBXBuildFile; fileRef = E747E9D11AD824EA0049018E /* Parse.framework */; };
		E74FCE691AE1CC2C0040E818 /* Social.framework in Frameworks */ = {isa = PBXBuildFile; fileRef = E74FCE681AE1CC2C0040E818 /* Social.framework */; };
		E74FCE6B1AE1CC430040E818 /* Accounts.framework in Frameworks */ = {isa = PBXBuildFile; fileRef = E74FCE6A1AE1CC430040E818 /* Accounts.framework */; };
		E79190141AE1F9B3002B5B7B /* OMGHTTPURLRQ.framework in Frameworks */ = {isa = PBXBuildFile; fileRef = E79190121AE1F9B3002B5B7B /* OMGHTTPURLRQ.framework */; };
		E79190151AE1F9B3002B5B7B /* PromiseKit.framework in Frameworks */ = {isa = PBXBuildFile; fileRef = E79190131AE1F9B3002B5B7B /* PromiseKit.framework */; };
		E79190191AE201C0002B5B7B /* PFObject.swift in Sources */ = {isa = PBXBuildFile; fileRef = E79190181AE201C0002B5B7B /* PFObject.swift */; };
		E7AEDF741AD89D9C00C1A54F /* NSDate.swift in Sources */ = {isa = PBXBuildFile; fileRef = E7AEDF731AD89D9C00C1A54F /* NSDate.swift */; };
		E7AEDF781AD8A58800C1A54F /* FontAwesome.swift in Sources */ = {isa = PBXBuildFile; fileRef = E7AEDF771AD8A58800C1A54F /* FontAwesome.swift */; };
		E7AEDF791AD8A74B00C1A54F /* FontAwesome.otf in Resources */ = {isa = PBXBuildFile; fileRef = E7AEDF761AD8A56000C1A54F /* FontAwesome.otf */; };
		E7AEDF7B1AD8B67200C1A54F /* CreateSecretViewController.swift in Sources */ = {isa = PBXBuildFile; fileRef = E7AEDF7A1AD8B67200C1A54F /* CreateSecretViewController.swift */; };
		E7B650111AE1E71E00D1F499 /* Comment.swift in Sources */ = {isa = PBXBuildFile; fileRef = E7B650101AE1E71E00D1F499 /* Comment.swift */; };
		E7B650131AE1E81D00D1F499 /* PFQuery.swift in Sources */ = {isa = PBXBuildFile; fileRef = E7B650121AE1E81D00D1F499 /* PFQuery.swift */; };
		E7B650151AE1E98B00D1F499 /* Modelable.swift in Sources */ = {isa = PBXBuildFile; fileRef = E7B650141AE1E98B00D1F499 /* Modelable.swift */; };
		E7D59F3E1AD8384500ECB484 /* Authentication.storyboard in Resources */ = {isa = PBXBuildFile; fileRef = E7D59F3D1AD8384500ECB484 /* Authentication.storyboard */; };
		E7D59F421AD8428000ECB484 /* SignUpViewController.swift in Sources */ = {isa = PBXBuildFile; fileRef = E7D59F411AD8428000ECB484 /* SignUpViewController.swift */; };
		E7D59F441AD8428F00ECB484 /* SignInViewController.swift in Sources */ = {isa = PBXBuildFile; fileRef = E7D59F431AD8428F00ECB484 /* SignInViewController.swift */; };
		E7D59F481AD8489700ECB484 /* UserAuthenticator.swift in Sources */ = {isa = PBXBuildFile; fileRef = E7D59F471AD8489700ECB484 /* UserAuthenticator.swift */; };
		E7D59F4E1AD8799500ECB484 /* SecretsTableViewController.swift in Sources */ = {isa = PBXBuildFile; fileRef = E7D59F4D1AD8799500ECB484 /* SecretsTableViewController.swift */; };
		E7D59F501AD87C8F00ECB484 /* AuthenticationViewController.swift in Sources */ = {isa = PBXBuildFile; fileRef = E7D59F4F1AD87C8F00ECB484 /* AuthenticationViewController.swift */; };
		E7D59F521AD87D3A00ECB484 /* WelcomeViewController.swift in Sources */ = {isa = PBXBuildFile; fileRef = E7D59F511AD87D3A00ECB484 /* WelcomeViewController.swift */; };
		E7D59F541AD8821400ECB484 /* Secret.swift in Sources */ = {isa = PBXBuildFile; fileRef = E7D59F531AD8821400ECB484 /* Secret.swift */; };
		E7DC8F4F1AE20831001F8B60 /* PFUser.swift in Sources */ = {isa = PBXBuildFile; fileRef = E7DC8F4E1AE20831001F8B60 /* PFUser.swift */; };
		E7F5E52C1AE165A200C812E8 /* ViewSecretViewController.swift in Sources */ = {isa = PBXBuildFile; fileRef = E7F5E52B1AE165A200C812E8 /* ViewSecretViewController.swift */; };
		E7F5E52E1AE1674F00C812E8 /* SecretViewModel.swift in Sources */ = {isa = PBXBuildFile; fileRef = E7F5E52D1AE1674F00C812E8 /* SecretViewModel.swift */; };
		E7F5E5301AE176CF00C812E8 /* CommentTableViewCell.swift in Sources */ = {isa = PBXBuildFile; fileRef = E7F5E52F1AE176CF00C812E8 /* CommentTableViewCell.swift */; };
		E7F5E5351AE1AC2D00C812E8 /* SecretTableViewCell.swift in Sources */ = {isa = PBXBuildFile; fileRef = E7F5E5331AE1AC2D00C812E8 /* SecretTableViewCell.swift */; };
		E7F5E5361AE1AC2D00C812E8 /* SecretTableViewCell.xib in Resources */ = {isa = PBXBuildFile; fileRef = E7F5E5341AE1AC2D00C812E8 /* SecretTableViewCell.xib */; };
/* End PBXBuildFile section */

/* Begin PBXContainerItemProxy section */
		0BF4ACBA5C72A5003CF1C166 /* PBXContainerItemProxy */ = {
			isa = PBXContainerItemProxy;
			containerPortal = 065CB9E3675DA24E083460F6 /* Project object */;
			proxyType = 1;
			remoteGlobalIDString = 4C50CEF5C97DCD9DE48371F2;
			remoteInfo = Secrets;
		};
/* End PBXContainerItemProxy section */

/* Begin PBXCopyFilesBuildPhase section */
		E747E9AB1AD6D7830049018E /* CopyFiles */ = {
			isa = PBXCopyFilesBuildPhase;
			buildActionMask = 2147483647;
			dstPath = "";
			dstSubfolderSpec = 10;
			files = (
				E747E9AD1AD6D7940049018E /* Nimble.framework in CopyFiles */,
				E747E9AF1AD6D7A60049018E /* Quick.framework in CopyFiles */,
			);
			runOnlyForDeploymentPostprocessing = 0;
		};
/* End PBXCopyFilesBuildPhase section */

/* Begin PBXFileReference section */
		18A5BC68909FC89C632C465E /* Images.xcassets */ = {isa = PBXFileReference; includeInIndex = 1; lastKnownFileType = folder.assetcatalog; path = Images.xcassets; sourceTree = "<group>"; };
		29ABAF428C826AD4E083FA01 /* Settings.bundle */ = {isa = PBXFileReference; includeInIndex = 1; lastKnownFileType = "wrapper.plug-in"; path = Settings.bundle; sourceTree = "<group>"; };
		37DEAC98674CF475C5B8A1D3 /* UnitTests.xctest */ = {isa = PBXFileReference; explicitFileType = wrapper.cfbundle; includeInIndex = 0; path = UnitTests.xctest; sourceTree = BUILT_PRODUCTS_DIR; };
		644DDDEBA444830F77EC77EE /* Info.plist */ = {isa = PBXFileReference; includeInIndex = 1; lastKnownFileType = text.plist.xml; path = Info.plist; sourceTree = "<group>"; };
		651E9853A61AB9ED394495AE /* Main.storyboard */ = {isa = PBXFileReference; includeInIndex = 1; lastKnownFileType = file.storyboard; path = Main.storyboard; sourceTree = "<group>"; };
		780D10B15ECC488AADE0AC59 /* Secrets.app */ = {isa = PBXFileReference; explicitFileType = wrapper.application; includeInIndex = 0; path = Secrets.app; sourceTree = BUILT_PRODUCTS_DIR; };
		A6FD7083E69B5BCAE8B449F6 /* UnitTests-Info.plist */ = {isa = PBXFileReference; includeInIndex = 1; lastKnownFileType = text.plist.xml; path = "UnitTests-Info.plist"; sourceTree = "<group>"; };
		CB1C92C7FCD24124E06A0C55 /* AppDelegate.swift */ = {isa = PBXFileReference; includeInIndex = 1; lastKnownFileType = sourcecode.swift; path = AppDelegate.swift; sourceTree = "<group>"; };
		E2149DDCBE1171E41A64A252 /* LaunchScreen.xib */ = {isa = PBXFileReference; includeInIndex = 1; lastKnownFileType = file.xib; path = LaunchScreen.xib; sourceTree = "<group>"; };
		E2EB23E3AD3357C96CE6FAD3 /* Foundation.framework */ = {isa = PBXFileReference; lastKnownFileType = wrapper.framework; name = Foundation.framework; path = Platforms/iPhoneOS.platform/Developer/SDKs/iPhoneOS7.1.sdk/System/Library/Frameworks/Foundation.framework; sourceTree = DEVELOPER_DIR; };
		E71F52D71AEAB5B400A12D64 /* PaddedTextField.swift */ = {isa = PBXFileReference; fileEncoding = 4; lastKnownFileType = sourcecode.swift; path = PaddedTextField.swift; sourceTree = "<group>"; };
		E71F52D91AEAC0EA00A12D64 /* CommentViewModel.swift */ = {isa = PBXFileReference; fileEncoding = 4; lastKnownFileType = sourcecode.swift; path = CommentViewModel.swift; sourceTree = "<group>"; };
		E71F52DB1AEAC61500A12D64 /* SettingsTableViewController.swift */ = {isa = PBXFileReference; fileEncoding = 4; lastKnownFileType = sourcecode.swift; name = SettingsTableViewController.swift; path = ViewControllers/SettingsTableViewController.swift; sourceTree = "<group>"; };
		E71F52DD1AEAD87500A12D64 /* LocationManager.swift */ = {isa = PBXFileReference; fileEncoding = 4; lastKnownFileType = sourcecode.swift; path = LocationManager.swift; sourceTree = "<group>"; };
		E747E9A11AD6D60B0049018E /* LlamaKit.framework */ = {isa = PBXFileReference; lastKnownFileType = wrapper.framework; name = LlamaKit.framework; path = Carthage/Build/iOS/LlamaKit.framework; sourceTree = "<group>"; };
		E747E9A41AD6D60B0049018E /* Runes.framework */ = {isa = PBXFileReference; lastKnownFileType = wrapper.framework; name = Runes.framework; path = Carthage/Build/iOS/Runes.framework; sourceTree = "<group>"; };
		E747E9AC1AD6D7940049018E /* Nimble.framework */ = {isa = PBXFileReference; lastKnownFileType = wrapper.framework; name = Nimble.framework; path = ../Carthage/Build/iOS/Nimble.framework; sourceTree = "<group>"; };
		E747E9AE1AD6D7A60049018E /* Quick.framework */ = {isa = PBXFileReference; lastKnownFileType = wrapper.framework; name = Quick.framework; path = ../Carthage/Build/iOS/Quick.framework; sourceTree = "<group>"; };
		E747E9B41AD6D9210049018E /* AudioToolbox.framework */ = {isa = PBXFileReference; lastKnownFileType = wrapper.framework; name = AudioToolbox.framework; path = System/Library/Frameworks/AudioToolbox.framework; sourceTree = SDKROOT; };
		E747E9B61AD6D9270049018E /* CFNetwork.framework */ = {isa = PBXFileReference; lastKnownFileType = wrapper.framework; name = CFNetwork.framework; path = System/Library/Frameworks/CFNetwork.framework; sourceTree = SDKROOT; };
		E747E9B81AD6D92F0049018E /* CoreGraphics.framework */ = {isa = PBXFileReference; lastKnownFileType = wrapper.framework; name = CoreGraphics.framework; path = System/Library/Frameworks/CoreGraphics.framework; sourceTree = SDKROOT; };
		E747E9BA1AD6D9380049018E /* CoreLocation.framework */ = {isa = PBXFileReference; lastKnownFileType = wrapper.framework; name = CoreLocation.framework; path = System/Library/Frameworks/CoreLocation.framework; sourceTree = SDKROOT; };
		E747E9BC1AD6D94D0049018E /* QuartzCore.framework */ = {isa = PBXFileReference; lastKnownFileType = wrapper.framework; name = QuartzCore.framework; path = System/Library/Frameworks/QuartzCore.framework; sourceTree = SDKROOT; };
		E747E9BE1AD6D9580049018E /* MobileCoreServices.framework */ = {isa = PBXFileReference; lastKnownFileType = wrapper.framework; name = MobileCoreServices.framework; path = System/Library/Frameworks/MobileCoreServices.framework; sourceTree = SDKROOT; };
		E747E9C01AD6D9650049018E /* Security.framework */ = {isa = PBXFileReference; lastKnownFileType = wrapper.framework; name = Security.framework; path = System/Library/Frameworks/Security.framework; sourceTree = SDKROOT; };
		E747E9C41AD6D9740049018E /* SystemConfiguration.framework */ = {isa = PBXFileReference; lastKnownFileType = wrapper.framework; name = SystemConfiguration.framework; path = System/Library/Frameworks/SystemConfiguration.framework; sourceTree = SDKROOT; };
		E747E9C61AD6D97C0049018E /* libz.dylib */ = {isa = PBXFileReference; lastKnownFileType = "compiled.mach-o.dylib"; name = libz.dylib; path = usr/lib/libz.dylib; sourceTree = SDKROOT; };
		E747E9C81AD6D9840049018E /* libsqlite3.dylib */ = {isa = PBXFileReference; lastKnownFileType = "compiled.mach-o.dylib"; name = libsqlite3.dylib; path = usr/lib/libsqlite3.dylib; sourceTree = SDKROOT; };
		E747E9CA1AD81EB60049018E /* ItWorksSpec.swift */ = {isa = PBXFileReference; fileEncoding = 4; lastKnownFileType = sourcecode.swift; path = ItWorksSpec.swift; sourceTree = "<group>"; };
		E747E9CE1AD8204C0049018E /* Keys.swift */ = {isa = PBXFileReference; fileEncoding = 4; lastKnownFileType = sourcecode.swift; path = Keys.swift; sourceTree = "<group>"; };
		E747E9D01AD824EA0049018E /* Bolts.framework */ = {isa = PBXFileReference; lastKnownFileType = wrapper.framework; name = Bolts.framework; path = Secrets/Frameworks/Bolts.framework; sourceTree = "<group>"; };
		E747E9D11AD824EA0049018E /* Parse.framework */ = {isa = PBXFileReference; lastKnownFileType = wrapper.framework; name = Parse.framework; path = Secrets/Frameworks/Parse.framework; sourceTree = "<group>"; };
		E74FCE681AE1CC2C0040E818 /* Social.framework */ = {isa = PBXFileReference; lastKnownFileType = wrapper.framework; name = Social.framework; path = System/Library/Frameworks/Social.framework; sourceTree = SDKROOT; };
		E74FCE6A1AE1CC430040E818 /* Accounts.framework */ = {isa = PBXFileReference; lastKnownFileType = wrapper.framework; name = Accounts.framework; path = System/Library/Frameworks/Accounts.framework; sourceTree = SDKROOT; };
		E79190121AE1F9B3002B5B7B /* OMGHTTPURLRQ.framework */ = {isa = PBXFileReference; lastKnownFileType = wrapper.framework; name = OMGHTTPURLRQ.framework; path = Carthage/Build/iOS/OMGHTTPURLRQ.framework; sourceTree = "<group>"; };
		E79190131AE1F9B3002B5B7B /* PromiseKit.framework */ = {isa = PBXFileReference; lastKnownFileType = wrapper.framework; name = PromiseKit.framework; path = Carthage/Build/iOS/PromiseKit.framework; sourceTree = "<group>"; };
		E79190181AE201C0002B5B7B /* PFObject.swift */ = {isa = PBXFileReference; fileEncoding = 4; lastKnownFileType = sourcecode.swift; path = PFObject.swift; sourceTree = "<group>"; };
		E7AEDF731AD89D9C00C1A54F /* NSDate.swift */ = {isa = PBXFileReference; fileEncoding = 4; lastKnownFileType = sourcecode.swift; path = NSDate.swift; sourceTree = "<group>"; };
		E7AEDF761AD8A56000C1A54F /* FontAwesome.otf */ = {isa = PBXFileReference; lastKnownFileType = file; path = FontAwesome.otf; sourceTree = "<group>"; };
		E7AEDF771AD8A58800C1A54F /* FontAwesome.swift */ = {isa = PBXFileReference; fileEncoding = 4; lastKnownFileType = sourcecode.swift; path = FontAwesome.swift; sourceTree = "<group>"; };
		E7AEDF7A1AD8B67200C1A54F /* CreateSecretViewController.swift */ = {isa = PBXFileReference; fileEncoding = 4; lastKnownFileType = sourcecode.swift; name = CreateSecretViewController.swift; path = ViewControllers/CreateSecretViewController.swift; sourceTree = "<group>"; };
		E7B650101AE1E71E00D1F499 /* Comment.swift */ = {isa = PBXFileReference; fileEncoding = 4; lastKnownFileType = sourcecode.swift; path = Comment.swift; sourceTree = "<group>"; };
		E7B650121AE1E81D00D1F499 /* PFQuery.swift */ = {isa = PBXFileReference; fileEncoding = 4; lastKnownFileType = sourcecode.swift; path = PFQuery.swift; sourceTree = "<group>"; };
		E7B650141AE1E98B00D1F499 /* Modelable.swift */ = {isa = PBXFileReference; fileEncoding = 4; lastKnownFileType = sourcecode.swift; path = Modelable.swift; sourceTree = "<group>"; };
		E7CB27D41AEA9DA800D61F3F /* Reveal.framework */ = {isa = PBXFileReference; lastKnownFileType = wrapper.framework; name = Reveal.framework; path = Secrets/Frameworks/Reveal.framework; sourceTree = "<group>"; };
		E7D59F3D1AD8384500ECB484 /* Authentication.storyboard */ = {isa = PBXFileReference; fileEncoding = 4; lastKnownFileType = file.storyboard; path = Authentication.storyboard; sourceTree = "<group>"; };
		E7D59F411AD8428000ECB484 /* SignUpViewController.swift */ = {isa = PBXFileReference; fileEncoding = 4; lastKnownFileType = sourcecode.swift; name = SignUpViewController.swift; path = ViewControllers/SignUpViewController.swift; sourceTree = "<group>"; };
		E7D59F431AD8428F00ECB484 /* SignInViewController.swift */ = {isa = PBXFileReference; fileEncoding = 4; lastKnownFileType = sourcecode.swift; name = SignInViewController.swift; path = ViewControllers/SignInViewController.swift; sourceTree = "<group>"; };
		E7D59F471AD8489700ECB484 /* UserAuthenticator.swift */ = {isa = PBXFileReference; fileEncoding = 4; lastKnownFileType = sourcecode.swift; path = UserAuthenticator.swift; sourceTree = "<group>"; };
		E7D59F4D1AD8799500ECB484 /* SecretsTableViewController.swift */ = {isa = PBXFileReference; fileEncoding = 4; lastKnownFileType = sourcecode.swift; name = SecretsTableViewController.swift; path = ViewControllers/SecretsTableViewController.swift; sourceTree = "<group>"; };
		E7D59F4F1AD87C8F00ECB484 /* AuthenticationViewController.swift */ = {isa = PBXFileReference; fileEncoding = 4; lastKnownFileType = sourcecode.swift; name = AuthenticationViewController.swift; path = ViewControllers/AuthenticationViewController.swift; sourceTree = "<group>"; };
		E7D59F511AD87D3A00ECB484 /* WelcomeViewController.swift */ = {isa = PBXFileReference; fileEncoding = 4; lastKnownFileType = sourcecode.swift; name = WelcomeViewController.swift; path = ViewControllers/WelcomeViewController.swift; sourceTree = "<group>"; };
		E7D59F531AD8821400ECB484 /* Secret.swift */ = {isa = PBXFileReference; fileEncoding = 4; lastKnownFileType = sourcecode.swift; path = Secret.swift; sourceTree = "<group>"; };
		E7DC8F4E1AE20831001F8B60 /* PFUser.swift */ = {isa = PBXFileReference; fileEncoding = 4; lastKnownFileType = sourcecode.swift; path = PFUser.swift; sourceTree = "<group>"; };
		E7F5E52B1AE165A200C812E8 /* ViewSecretViewController.swift */ = {isa = PBXFileReference; fileEncoding = 4; lastKnownFileType = sourcecode.swift; name = ViewSecretViewController.swift; path = ViewControllers/ViewSecretViewController.swift; sourceTree = "<group>"; };
		E7F5E52D1AE1674F00C812E8 /* SecretViewModel.swift */ = {isa = PBXFileReference; fileEncoding = 4; lastKnownFileType = sourcecode.swift; path = SecretViewModel.swift; sourceTree = "<group>"; };
		E7F5E52F1AE176CF00C812E8 /* CommentTableViewCell.swift */ = {isa = PBXFileReference; fileEncoding = 4; lastKnownFileType = sourcecode.swift; path = CommentTableViewCell.swift; sourceTree = "<group>"; };
		E7F5E5331AE1AC2D00C812E8 /* SecretTableViewCell.swift */ = {isa = PBXFileReference; fileEncoding = 4; lastKnownFileType = sourcecode.swift; path = SecretTableViewCell.swift; sourceTree = "<group>"; };
		E7F5E5341AE1AC2D00C812E8 /* SecretTableViewCell.xib */ = {isa = PBXFileReference; fileEncoding = 4; lastKnownFileType = file.xib; name = SecretTableViewCell.xib; path = ../../Views/SecretTableViewCell.xib; sourceTree = "<group>"; };
/* End PBXFileReference section */

/* Begin PBXFrameworksBuildPhase section */
		A69C4567CE3A578511BB5E44 /* Frameworks */ = {
			isa = PBXFrameworksBuildPhase;
			buildActionMask = 2147483647;
			files = (
				E747E9CC1AD81F570049018E /* Quick.framework in Frameworks */,
				E747E9CD1AD81F5A0049018E /* Nimble.framework in Frameworks */,
			);
			runOnlyForDeploymentPostprocessing = 0;
		};
		DC60E67F99B41E7C87C5B44F /* Frameworks */ = {
			isa = PBXFrameworksBuildPhase;
			buildActionMask = 2147483647;
			files = (
				E747E9A51AD6D60B0049018E /* LlamaKit.framework in Frameworks */,
				E74FCE6B1AE1CC430040E818 /* Accounts.framework in Frameworks */,
				E74FCE691AE1CC2C0040E818 /* Social.framework in Frameworks */,
				E747E9C91AD6D9840049018E /* libsqlite3.dylib in Frameworks */,
				E747E9C71AD6D97C0049018E /* libz.dylib in Frameworks */,
				E747E9C51AD6D9740049018E /* SystemConfiguration.framework in Frameworks */,
				E747E9C11AD6D9650049018E /* Security.framework in Frameworks */,
				E747E9BD1AD6D94D0049018E /* QuartzCore.framework in Frameworks */,
				E747E9BF1AD6D9580049018E /* MobileCoreServices.framework in Frameworks */,
				E747E9BB1AD6D9380049018E /* CoreLocation.framework in Frameworks */,
				E747E9B91AD6D92F0049018E /* CoreGraphics.framework in Frameworks */,
				E747E9B71AD6D9270049018E /* CFNetwork.framework in Frameworks */,
				E747E9B51AD6D9210049018E /* AudioToolbox.framework in Frameworks */,
				E747E9A81AD6D60B0049018E /* Runes.framework in Frameworks */,
				E747E9D21AD824EA0049018E /* Bolts.framework in Frameworks */,
				E747E9D31AD824EA0049018E /* Parse.framework in Frameworks */,
				E79190141AE1F9B3002B5B7B /* OMGHTTPURLRQ.framework in Frameworks */,
				E79190151AE1F9B3002B5B7B /* PromiseKit.framework in Frameworks */,
			);
			runOnlyForDeploymentPostprocessing = 0;
		};
/* End PBXFrameworksBuildPhase section */

/* Begin PBXGroup section */
		0CE29F81BBB9544A9EBDC71E /* Helpers */ = {
			isa = PBXGroup;
			children = (
			);
			path = Helpers;
			sourceTree = "<group>";
		};
		2703AE00629F6A0295835047 /* Products */ = {
			isa = PBXGroup;
			children = (
				780D10B15ECC488AADE0AC59 /* Secrets.app */,
				37DEAC98674CF475C5B8A1D3 /* UnitTests.xctest */,
			);
			name = Products;
			sourceTree = "<group>";
		};
		3B0FECB25B045F9FC80E50F7 /* Models */ = {
			isa = PBXGroup;
			children = (
				E7D59F471AD8489700ECB484 /* UserAuthenticator.swift */,
				E7D59F531AD8821400ECB484 /* Secret.swift */,
				E7B650101AE1E71E00D1F499 /* Comment.swift */,
				E71F52DD1AEAD87500A12D64 /* LocationManager.swift */,
			);
			path = Models;
			sourceTree = "<group>";
		};
		3E161A19BDCA67355B7ECD3D /* Controllers */ = {
			isa = PBXGroup;
			children = (
				CB1C92C7FCD24124E06A0C55 /* AppDelegate.swift */,
			);
			path = Controllers;
			sourceTree = "<group>";
		};
		6ECB37A82C0F29AF5C9F7000 /* Resources */ = {
			isa = PBXGroup;
			children = (
				E7AEDF751AD8A55100C1A54F /* Fonts */,
				18A5BC68909FC89C632C465E /* Images.xcassets */,
				F4AA4FC4EE170FC82B00037E /* Storyboards */,
				80D938386E8766396FCBEC32 /* Nibs */,
				D604AD205CC965EA4815A084 /* Other-Sources */,
				29ABAF428C826AD4E083FA01 /* Settings.bundle */,
			);
			path = Resources;
			sourceTree = "<group>";
		};
		727A4DBCC4DC351E6D60CA02 /* Frameworks */ = {
			isa = PBXGroup;
			children = (
				E74FCE6A1AE1CC430040E818 /* Accounts.framework */,
				E74FCE681AE1CC2C0040E818 /* Social.framework */,
				E79190121AE1F9B3002B5B7B /* OMGHTTPURLRQ.framework */,
				E79190131AE1F9B3002B5B7B /* PromiseKit.framework */,
				E7CB27D41AEA9DA800D61F3F /* Reveal.framework */,
				E747E9C81AD6D9840049018E /* libsqlite3.dylib */,
				E747E9C61AD6D97C0049018E /* libz.dylib */,
				E747E9D01AD824EA0049018E /* Bolts.framework */,
				E747E9D11AD824EA0049018E /* Parse.framework */,
				E747E9C41AD6D9740049018E /* SystemConfiguration.framework */,
				E747E9C01AD6D9650049018E /* Security.framework */,
				E747E9BE1AD6D9580049018E /* MobileCoreServices.framework */,
				E747E9BC1AD6D94D0049018E /* QuartzCore.framework */,
				E747E9BA1AD6D9380049018E /* CoreLocation.framework */,
				E747E9B81AD6D92F0049018E /* CoreGraphics.framework */,
				E747E9B61AD6D9270049018E /* CFNetwork.framework */,
				E747E9B41AD6D9210049018E /* AudioToolbox.framework */,
				E747E9A11AD6D60B0049018E /* LlamaKit.framework */,
				E747E9A41AD6D60B0049018E /* Runes.framework */,
				A5A138CBDA822602F6A21E90 /* iOS */,
			);
			name = Frameworks;
			path = ..;
			sourceTree = "<group>";
		};
		78DDC7674D413ABAFA863E27 /* UnitTests */ = {
			isa = PBXGroup;
			children = (
				E747E9AA1AD6D7430049018E /* Frameworks */,
				F1BF3ED2ED5DB2139FBF436A /* Resources */,
				0CE29F81BBB9544A9EBDC71E /* Helpers */,
				BC999477688436E5769DFB28 /* Tests */,
			);
			path = UnitTests;
			sourceTree = "<group>";
		};
		80D938386E8766396FCBEC32 /* Nibs */ = {
			isa = PBXGroup;
			children = (
				E7F5E5341AE1AC2D00C812E8 /* SecretTableViewCell.xib */,
				E2149DDCBE1171E41A64A252 /* LaunchScreen.xib */,
			);
			path = Nibs;
			sourceTree = "<group>";
		};
		A5A138CBDA822602F6A21E90 /* iOS */ = {
			isa = PBXGroup;
			children = (
				E2EB23E3AD3357C96CE6FAD3 /* Foundation.framework */,
			);
			name = iOS;
			sourceTree = "<group>";
		};
		A7C60DC4C92EBEB19CA5711E = {
			isa = PBXGroup;
			children = (
				BDCD5D5F2D80D2972AC5D75E /* Secrets */,
				78DDC7674D413ABAFA863E27 /* UnitTests */,
				2703AE00629F6A0295835047 /* Products */,
			);
			indentWidth = 4;
			sourceTree = "<group>";
			tabWidth = 4;
			usesTabs = 0;
		};
		BC999477688436E5769DFB28 /* Tests */ = {
			isa = PBXGroup;
			children = (
				E747E9CA1AD81EB60049018E /* ItWorksSpec.swift */,
			);
			path = Tests;
			sourceTree = "<group>";
		};
		BDCD5D5F2D80D2972AC5D75E /* Secrets */ = {
			isa = PBXGroup;
			children = (
				E747E99E1AD6D56E0049018E /* ViewControllers */,
				F769C6A0E7939139AAB1D538 /* Extensions */,
				C1B4E56B3A8CF93192A7B0B2 /* Protocols */,
				3B0FECB25B045F9FC80E50F7 /* Models */,
				FCC39B0F61D57B0CAB241D14 /* ViewModels */,
				3E161A19BDCA67355B7ECD3D /* Controllers */,
				D8126EAFBEA07B5DEDB44C6C /* Views */,
				6ECB37A82C0F29AF5C9F7000 /* Resources */,
				727A4DBCC4DC351E6D60CA02 /* Frameworks */,
				E747E9CE1AD8204C0049018E /* Keys.swift */,
			);
			path = Secrets;
			sourceTree = "<group>";
		};
		C1B4E56B3A8CF93192A7B0B2 /* Protocols */ = {
			isa = PBXGroup;
			children = (
				E7B650141AE1E98B00D1F499 /* Modelable.swift */,
			);
			path = Protocols;
			sourceTree = "<group>";
		};
		D604AD205CC965EA4815A084 /* Other-Sources */ = {
			isa = PBXGroup;
			children = (
				644DDDEBA444830F77EC77EE /* Info.plist */,
			);
			path = "Other-Sources";
			sourceTree = "<group>";
		};
		D8126EAFBEA07B5DEDB44C6C /* Views */ = {
			isa = PBXGroup;
			children = (
				E7F5E5331AE1AC2D00C812E8 /* SecretTableViewCell.swift */,
				E7F5E52F1AE176CF00C812E8 /* CommentTableViewCell.swift */,
				E71F52D71AEAB5B400A12D64 /* PaddedTextField.swift */,
			);
			path = Views;
			sourceTree = "<group>";
		};
		E747E99E1AD6D56E0049018E /* ViewControllers */ = {
			isa = PBXGroup;
			children = (
				E7D59F511AD87D3A00ECB484 /* WelcomeViewController.swift */,
				E7D59F411AD8428000ECB484 /* SignUpViewController.swift */,
				E7D59F431AD8428F00ECB484 /* SignInViewController.swift */,
				E7D59F4D1AD8799500ECB484 /* SecretsTableViewController.swift */,
				E7D59F4F1AD87C8F00ECB484 /* AuthenticationViewController.swift */,
				E7AEDF7A1AD8B67200C1A54F /* CreateSecretViewController.swift */,
				E7F5E52B1AE165A200C812E8 /* ViewSecretViewController.swift */,
				E71F52DB1AEAC61500A12D64 /* SettingsTableViewController.swift */,
			);
			name = ViewControllers;
			sourceTree = "<group>";
		};
		E747E9AA1AD6D7430049018E /* Frameworks */ = {
			isa = PBXGroup;
			children = (
				E747E9AE1AD6D7A60049018E /* Quick.framework */,
				E747E9AC1AD6D7940049018E /* Nimble.framework */,
			);
			name = Frameworks;
			sourceTree = "<group>";
		};
		E7AEDF751AD8A55100C1A54F /* Fonts */ = {
			isa = PBXGroup;
			children = (
				E7AEDF761AD8A56000C1A54F /* FontAwesome.otf */,
			);
			name = Fonts;
			sourceTree = "<group>";
		};
		F1BF3ED2ED5DB2139FBF436A /* Resources */ = {
			isa = PBXGroup;
			children = (
				A6FD7083E69B5BCAE8B449F6 /* UnitTests-Info.plist */,
			);
			path = Resources;
			sourceTree = "<group>";
		};
		F4AA4FC4EE170FC82B00037E /* Storyboards */ = {
			isa = PBXGroup;
			children = (
				651E9853A61AB9ED394495AE /* Main.storyboard */,
				E7D59F3D1AD8384500ECB484 /* Authentication.storyboard */,
			);
			path = Storyboards;
			sourceTree = "<group>";
		};
		F769C6A0E7939139AAB1D538 /* Extensions */ = {
			isa = PBXGroup;
			children = (
				E7AEDF731AD89D9C00C1A54F /* NSDate.swift */,
				E7AEDF771AD8A58800C1A54F /* FontAwesome.swift */,
				E7B650121AE1E81D00D1F499 /* PFQuery.swift */,
				E79190181AE201C0002B5B7B /* PFObject.swift */,
				E7DC8F4E1AE20831001F8B60 /* PFUser.swift */,
			);
			path = Extensions;
			sourceTree = "<group>";
		};
		FCC39B0F61D57B0CAB241D14 /* ViewModels */ = {
			isa = PBXGroup;
			children = (
				E7F5E52D1AE1674F00C812E8 /* SecretViewModel.swift */,
				E71F52D91AEAC0EA00A12D64 /* CommentViewModel.swift */,
			);
			path = ViewModels;
			sourceTree = "<group>";
		};
/* End PBXGroup section */

/* Begin PBXNativeTarget section */
		4C50CEF5C97DCD9DE48371F2 /* Secrets */ = {
			isa = PBXNativeTarget;
			buildConfigurationList = 485104B562C56BBA94077369 /* Build configuration list for PBXNativeTarget "Secrets" */;
			buildPhases = (
				FB3570E04B043F70A84BD645 /* Sources */,
				DC60E67F99B41E7C87C5B44F /* Frameworks */,
				CA3D4AEA762CE00C63B3B3BF /* Resources */,
				E747E9A91AD6D6340049018E /* ShellScript */,
				8B0FD51F03B13D7EB30F0E43 /* Warn for TODO and FIXME comments */,
				C89D653A19E91077B4D0B44D /* Set version number */,
			);
			buildRules = (
			);
			dependencies = (
			);
			name = Secrets;
			productName = Secrets;
			productReference = 780D10B15ECC488AADE0AC59 /* Secrets.app */;
			productType = "com.apple.product-type.application";
		};
		57550F50C85D78B7290EC2E9 /* UnitTests */ = {
			isa = PBXNativeTarget;
			buildConfigurationList = 3D1FAE347DF1A3A2930478D5 /* Build configuration list for PBXNativeTarget "UnitTests" */;
			buildPhases = (
				58A245D898D225162C4E3E05 /* Sources */,
				A69C4567CE3A578511BB5E44 /* Frameworks */,
				B02245333EF9DEE1A44304A4 /* Resources */,
				E747E9AB1AD6D7830049018E /* CopyFiles */,
			);
			buildRules = (
			);
			dependencies = (
				C15B54E295FF364117158568 /* PBXTargetDependency */,
			);
			name = UnitTests;
			productName = UnitTests;
			productReference = 37DEAC98674CF475C5B8A1D3 /* UnitTests.xctest */;
			productType = "com.apple.product-type.bundle.unit-test";
		};
/* End PBXNativeTarget section */

/* Begin PBXProject section */
		065CB9E3675DA24E083460F6 /* Project object */ = {
			isa = PBXProject;
			attributes = {
				CLASSPREFIX = "";
				LastUpgradeCheck = 0510;
				ORGANIZATIONNAME = thoughtbot;
				TargetAttributes = {
					4C50CEF5C97DCD9DE48371F2 = {
						DevelopmentTeam = 967Y67253P;
						SystemCapabilities = {
							com.apple.InAppPurchase = {
								enabled = 0;
							};
						};
					};
				};
			};
			buildConfigurationList = 470DCB7613DEB2C93E0DE973 /* Build configuration list for PBXProject "Secrets" */;
			compatibilityVersion = "Xcode 3.2";
			developmentRegion = English;
			hasScannedForEncodings = 0;
			knownRegions = (
				en,
			);
			mainGroup = A7C60DC4C92EBEB19CA5711E;
			productRefGroup = 2703AE00629F6A0295835047 /* Products */;
			projectDirPath = "";
			projectRoot = "";
			targets = (
				4C50CEF5C97DCD9DE48371F2 /* Secrets */,
				57550F50C85D78B7290EC2E9 /* UnitTests */,
			);
		};
/* End PBXProject section */

/* Begin PBXResourcesBuildPhase section */
		B02245333EF9DEE1A44304A4 /* Resources */ = {
			isa = PBXResourcesBuildPhase;
			buildActionMask = 2147483647;
			files = (
			);
			runOnlyForDeploymentPostprocessing = 0;
		};
		CA3D4AEA762CE00C63B3B3BF /* Resources */ = {
			isa = PBXResourcesBuildPhase;
			buildActionMask = 2147483647;
			files = (
				82205F9840595A24D8D0ED45 /* Images.xcassets in Resources */,
				D9567208177D66BC1F4D50BD /* Settings.bundle in Resources */,
				E7D59F3E1AD8384500ECB484 /* Authentication.storyboard in Resources */,
				E7F5E5361AE1AC2D00C812E8 /* SecretTableViewCell.xib in Resources */,
				E7AEDF791AD8A74B00C1A54F /* FontAwesome.otf in Resources */,
			);
			runOnlyForDeploymentPostprocessing = 0;
		};
/* End PBXResourcesBuildPhase section */

/* Begin PBXShellScriptBuildPhase section */
		8B0FD51F03B13D7EB30F0E43 /* Warn for TODO and FIXME comments */ = {
			isa = PBXShellScriptBuildPhase;
			buildActionMask = 2147483647;
			files = (
			);
			inputPaths = (
			);
			name = "Warn for TODO and FIXME comments";
			outputPaths = (
			);
			runOnlyForDeploymentPostprocessing = 0;
			shellPath = /bin/sh;
			shellScript = "KEYWORDS=\"TODO:|FIXME:|\\?\\?\\?:|\\!\\!\\!:\"\nFILE_EXTENSIONS=\"swift|h|m|mm|c|cpp\"\nfind -E \"${SRCROOT}\" -ipath \"${SRCROOT}/Carthage\" -prune -o \\( -regex \".*\\.($FILE_EXTENSIONS)$\" \\) -print0 | xargs -0 egrep --with-filename --line-number --only-matching \"($KEYWORDS).*\\$\" | perl -p -e \"s/($KEYWORDS)/ warning: \\$1/\"\n";
		};
		C89D653A19E91077B4D0B44D /* Set version number */ = {
			isa = PBXShellScriptBuildPhase;
			buildActionMask = 2147483647;
			files = (
			);
			inputPaths = (
			);
			name = "Set version number";
			outputPaths = (
			);
			runOnlyForDeploymentPostprocessing = 0;
			shellPath = /bin/sh;
			shellScript = "git=$(sh /etc/profile; which git)\ngit_release_version=$(\"$git\" describe --tags --always --abbrev=0)\nnumber_of_commits=$(\"$git\" rev-list master | wc -l | tr -d ' ')\ntarget_plist=\"$TARGET_BUILD_DIR/$INFOPLIST_PATH\"\ndsym_plist=\"$DWARF_DSYM_FOLDER_PATH/$DWARF_DSYM_FILE_NAME/Contents/Info.plist\"\n\nfor plist in \"$target_plist\" \"$dsym_plist\"; do\n  if [ -f \"$plist\" ]; then\n    /usr/libexec/PlistBuddy -c \"Set :CFBundleVersion $number_of_commits\" \"$plist\"\n    /usr/libexec/PlistBuddy -c \"Set :CFBundleShortVersionString ${git_release_version#*v}\" \"$plist\"\n  fi\ndone\n";
		};
		E747E9A91AD6D6340049018E /* ShellScript */ = {
			isa = PBXShellScriptBuildPhase;
			buildActionMask = 2147483647;
			files = (
			);
			inputPaths = (
				"$(SRCROOT)/Carthage/Build/iOS/LlamaKit.framework",
				"$(SRCROOT)/Carthage/Build/iOS/Runes.framework",
				"$(SRCROOT)/Carthage/Build/iOS/OMGHTTPURLRQ.framework",
				"$(SRCROOT)/Carthage/Build/iOS/PromiseKit.framework",
			);
			outputPaths = (
			);
			runOnlyForDeploymentPostprocessing = 0;
			shellPath = /bin/sh;
			shellScript = "/usr/local/bin/carthage copy-frameworks";
		};
/* End PBXShellScriptBuildPhase section */

/* Begin PBXSourcesBuildPhase section */
		58A245D898D225162C4E3E05 /* Sources */ = {
			isa = PBXSourcesBuildPhase;
			buildActionMask = 2147483647;
			files = (
				E747E9CB1AD81EB60049018E /* ItWorksSpec.swift in Sources */,
			);
			runOnlyForDeploymentPostprocessing = 0;
		};
		FB3570E04B043F70A84BD645 /* Sources */ = {
			isa = PBXSourcesBuildPhase;
			buildActionMask = 2147483647;
			files = (
				C2D074A6E528C83C3DA916FE /* AppDelegate.swift in Sources */,
				E7F5E52E1AE1674F00C812E8 /* SecretViewModel.swift in Sources */,
				E7D59F421AD8428000ECB484 /* SignUpViewController.swift in Sources */,
				E71F52DA1AEAC0EA00A12D64 /* CommentViewModel.swift in Sources */,
				E7D59F521AD87D3A00ECB484 /* WelcomeViewController.swift in Sources */,
				E7B650151AE1E98B00D1F499 /* Modelable.swift in Sources */,
				E7D59F501AD87C8F00ECB484 /* AuthenticationViewController.swift in Sources */,
				E7D59F541AD8821400ECB484 /* Secret.swift in Sources */,
				74AEE5CFB36603A65F62C9D7 /* Main.storyboard in Sources */,
				200FD855D82021E68500E1EA /* LaunchScreen.xib in Sources */,
				E7D59F441AD8428F00ECB484 /* SignInViewController.swift in Sources */,
				E7F5E52C1AE165A200C812E8 /* ViewSecretViewController.swift in Sources */,
				E7F5E5351AE1AC2D00C812E8 /* SecretTableViewCell.swift in Sources */,
				E7AEDF7B1AD8B67200C1A54F /* CreateSecretViewController.swift in Sources */,
				E71F52DC1AEAC61500A12D64 /* SettingsTableViewController.swift in Sources */,
				E7DC8F4F1AE20831001F8B60 /* PFUser.swift in Sources */,
				E7D59F4E1AD8799500ECB484 /* SecretsTableViewController.swift in Sources */,
				E79190191AE201C0002B5B7B /* PFObject.swift in Sources */,
				E7F5E5301AE176CF00C812E8 /* CommentTableViewCell.swift in Sources */,
				E7AEDF741AD89D9C00C1A54F /* NSDate.swift in Sources */,
				E7D59F481AD8489700ECB484 /* UserAuthenticator.swift in Sources */,
				E71F52D81AEAB5B400A12D64 /* PaddedTextField.swift in Sources */,
				E7B650131AE1E81D00D1F499 /* PFQuery.swift in Sources */,
				E7B650111AE1E71E00D1F499 /* Comment.swift in Sources */,
				E7AEDF781AD8A58800C1A54F /* FontAwesome.swift in Sources */,
				E747E9CF1AD8204C0049018E /* Keys.swift in Sources */,
				E71F52DE1AEAD87500A12D64 /* LocationManager.swift in Sources */,
			);
			runOnlyForDeploymentPostprocessing = 0;
		};
/* End PBXSourcesBuildPhase section */

/* Begin PBXTargetDependency section */
		C15B54E295FF364117158568 /* PBXTargetDependency */ = {
			isa = PBXTargetDependency;
			target = 4C50CEF5C97DCD9DE48371F2 /* Secrets */;
			targetProxy = 0BF4ACBA5C72A5003CF1C166 /* PBXContainerItemProxy */;
		};
/* End PBXTargetDependency section */

/* Begin XCBuildConfiguration section */
		279623D354009D0EF9F8AEAD /* Debug */ = {
			isa = XCBuildConfiguration;
			buildSettings = {
				ALWAYS_SEARCH_USER_PATHS = NO;
				CODE_SIGN_IDENTITY = "iPhone Developer";
				COPY_PHASE_STRIP = NO;
				DSTROOT = /tmp/xcodeproj.dst;
				FRAMEWORK_SEARCH_PATHS = (
					"$(inherited)",
					"$(PROJECT_DIR)/Carthage/Build/iOS",
					"$(PROJECT_DIR)",
					"$(PROJECT_DIR)/Secrets/Frameworks",
				);
				GCC_DYNAMIC_NO_PIC = NO;
				GCC_OPTIMIZATION_LEVEL = 0;
				GCC_PRECOMPILE_PREFIX_HEADER = YES;
				GCC_PREPROCESSOR_DEFINITIONS = (
					"DEBUG=1",
					"$(inherited)",
				);
				GCC_SYMBOLS_PRIVATE_EXTERN = NO;
				INFOPLIST_FILE = "Secrets/Resources/Other-Sources/Info.plist";
				INSTALL_PATH = "$(BUILT_PRODUCTS_DIR)";
				LD_RUNPATH_SEARCH_PATHS = "$(inherited) @executable_path/Frameworks";
				LIBRARY_SEARCH_PATHS = (
					"$(inherited)",
					"$(PROJECT_DIR)",
					"$(PROJECT_DIR)/Secrets/Frameworks",
				);
				OTHER_LDFLAGS = (
					"-ObjC",
					"-lz",
					"-framework",
					Reveal,
				);
				PRODUCT_NAME = "$(TARGET_NAME)";
				PUBLIC_HEADERS_FOLDER_PATH = "$(TARGET_NAME)";
				SDKROOT = iphoneos;
			};
			name = Debug;
		};
		334D6B8514761F266F24F96F /* Release */ = {
			isa = XCBuildConfiguration;
			buildSettings = {
				ALWAYS_SEARCH_USER_PATHS = NO;
				CODE_SIGN_IDENTITY = "iPhone Developer";
				COPY_PHASE_STRIP = YES;
				DSTROOT = /tmp/xcodeproj.dst;
				FRAMEWORK_SEARCH_PATHS = (
					"$(inherited)",
					"$(PROJECT_DIR)/Carthage/Build/iOS",
					"$(PROJECT_DIR)",
					"$(PROJECT_DIR)/Secrets/Frameworks",
				);
				GCC_PRECOMPILE_PREFIX_HEADER = YES;
				GCC_TREAT_WARNINGS_AS_ERRORS = YES;
				INFOPLIST_FILE = "Secrets/Resources/Other-Sources/Info.plist";
				INSTALL_PATH = "$(BUILT_PRODUCTS_DIR)";
				LD_RUNPATH_SEARCH_PATHS = "$(inherited) @executable_path/Frameworks";
				LIBRARY_SEARCH_PATHS = (
					"$(inherited)",
					"$(PROJECT_DIR)",
					"$(PROJECT_DIR)/Secrets/Frameworks",
				);
				OTHER_CFLAGS = (
					"-DNS_BLOCK_ASSERTIONS=1",
					"$(inherited)",
				);
				OTHER_CPLUSPLUSFLAGS = (
					"-DNS_BLOCK_ASSERTIONS=1",
					"$(inherited)",
				);
				OTHER_LDFLAGS = (
					"-ObjC",
					"-lz",
					"-framework",
					Reveal,
				);
				PRODUCT_NAME = "$(TARGET_NAME)";
				PUBLIC_HEADERS_FOLDER_PATH = "$(TARGET_NAME)";
				SDKROOT = iphoneos;
				VALIDATE_PRODUCT = YES;
			};
			name = Release;
		};
		35538C8A340A1C2D9B18EDC9 /* Debug */ = {
			isa = XCBuildConfiguration;
			buildSettings = {
				BUNDLE_LOADER = "$(BUILT_PRODUCTS_DIR)/Secrets.app/Secrets";
				CLANG_ENABLE_MODULES = YES;
				FRAMEWORK_SEARCH_PATHS = (
					"$(SDKROOT)/Developer/Library/Frameworks",
					"$(inherited)",
					"$(DEVELOPER_FRAMEWORKS_DIR)",
					"$(PROJECT_DIR)/Carthage/Build/iOS",
				);
				INFOPLIST_FILE = "UnitTests/Resources/UnitTests-Info.plist";
				LD_RUNPATH_SEARCH_PATHS = "$(inherited) @executable_path/Frameworks @loader_path/Frameworks";
				PRODUCT_NAME = "$(TARGET_NAME)";
				SDKROOT = iphoneos;
				SKIP_INSTALL = YES;
				SWIFT_OPTIMIZATION_LEVEL = "-Onone";
				TEST_HOST = "$(BUNDLE_LOADER)";
				WRAPPER_EXTENSION = xctest;
			};
			name = Debug;
		};
		DD1EB854953D57986A964002 /* Release */ = {
			isa = XCBuildConfiguration;
			buildSettings = {
				ALWAYS_SEARCH_USER_PATHS = NO;
				ASSETCATALOG_COMPILER_APPICON_NAME = AppIcon;
				CLANG_CXX_LANGUAGE_STANDARD = "gnu++0x";
				CLANG_CXX_LIBRARY = "libc++";
				CLANG_ENABLE_MODULES = YES;
				CLANG_ENABLE_OBJC_ARC = YES;
				CLANG_WARN_BOOL_CONVERSION = YES;
				CLANG_WARN_CONSTANT_CONVERSION = YES;
				CLANG_WARN_DEPRECATED_OBJC_IMPLEMENTATIONS = YES;
				CLANG_WARN_DIRECT_OBJC_ISA_USAGE = YES;
				CLANG_WARN_EMPTY_BODY = YES;
				CLANG_WARN_ENUM_CONVERSION = YES;
				CLANG_WARN_IMPLICIT_SIGN_CONVERSION = YES;
				CLANG_WARN_INT_CONVERSION = YES;
				CLANG_WARN_OBJC_IMPLICIT_RETAIN_SELF = YES;
				CLANG_WARN_OBJC_ROOT_CLASS = YES;
				CLANG_WARN_SUSPICIOUS_IMPLICIT_CONVERSION = YES;
				"CODE_SIGN_IDENTITY[sdk=iphoneos*]" = "iPhone Developer";
				COPY_PHASE_STRIP = NO;
				ENABLE_NS_ASSERTIONS = NO;
				GCC_C_LANGUAGE_STANDARD = gnu99;
				GCC_WARN_64_TO_32_BIT_CONVERSION = YES;
				GCC_WARN_ABOUT_DEPRECATED_FUNCTIONS = YES;
				GCC_WARN_ABOUT_MISSING_FIELD_INITIALIZERS = YES;
				GCC_WARN_ABOUT_MISSING_NEWLINE = YES;
				GCC_WARN_ABOUT_RETURN_TYPE = YES;
				GCC_WARN_CHECK_SWITCH_STATEMENTS = YES;
				GCC_WARN_INITIALIZER_NOT_FULLY_BRACKETED = YES;
				GCC_WARN_MISSING_PARENTHESES = YES;
				GCC_WARN_SHADOW = YES;
				GCC_WARN_SIGN_COMPARE = YES;
				GCC_WARN_TYPECHECK_CALLS_TO_PRINTF = YES;
				GCC_WARN_UNDECLARED_SELECTOR = YES;
				GCC_WARN_UNINITIALIZED_AUTOS = YES;
				GCC_WARN_UNUSED_FUNCTION = YES;
				GCC_WARN_UNUSED_LABEL = YES;
				GCC_WARN_UNUSED_VALUE = YES;
				GCC_WARN_UNUSED_VARIABLE = YES;
				IPHONEOS_DEPLOYMENT_TARGET = 8.0;
				RUN_CLANG_STATIC_ANALYZER = YES;
				SDKROOT = iphoneos;
				VALIDATE_PRODUCT = YES;
			};
			name = Release;
		};
		EFA3DD6B25255D56BABD3F84 /* Debug */ = {
			isa = XCBuildConfiguration;
			buildSettings = {
				ALWAYS_SEARCH_USER_PATHS = NO;
				ASSETCATALOG_COMPILER_APPICON_NAME = AppIcon;
				CLANG_CXX_LANGUAGE_STANDARD = "gnu++0x";
				CLANG_CXX_LIBRARY = "libc++";
				CLANG_ENABLE_MODULES = YES;
				CLANG_ENABLE_OBJC_ARC = YES;
				CLANG_WARN_BOOL_CONVERSION = YES;
				CLANG_WARN_CONSTANT_CONVERSION = YES;
				CLANG_WARN_DEPRECATED_OBJC_IMPLEMENTATIONS = YES;
				CLANG_WARN_DIRECT_OBJC_ISA_USAGE = YES;
				CLANG_WARN_EMPTY_BODY = YES;
				CLANG_WARN_ENUM_CONVERSION = YES;
				CLANG_WARN_IMPLICIT_SIGN_CONVERSION = YES;
				CLANG_WARN_INT_CONVERSION = YES;
				CLANG_WARN_OBJC_IMPLICIT_RETAIN_SELF = YES;
				CLANG_WARN_OBJC_ROOT_CLASS = YES;
				CLANG_WARN_SUSPICIOUS_IMPLICIT_CONVERSION = YES;
				"CODE_SIGN_IDENTITY[sdk=iphoneos*]" = "iPhone Developer";
				COPY_PHASE_STRIP = YES;
				GCC_C_LANGUAGE_STANDARD = gnu99;
				GCC_DYNAMIC_NO_PIC = NO;
				GCC_OPTIMIZATION_LEVEL = 0;
				GCC_PREPROCESSOR_DEFINITIONS = (
					"DEBUG=1",
					"$(inherited)",
				);
				GCC_SYMBOLS_PRIVATE_EXTERN = NO;
				GCC_WARN_64_TO_32_BIT_CONVERSION = YES;
				GCC_WARN_ABOUT_DEPRECATED_FUNCTIONS = YES;
				GCC_WARN_ABOUT_MISSING_FIELD_INITIALIZERS = YES;
				GCC_WARN_ABOUT_MISSING_NEWLINE = YES;
				GCC_WARN_ABOUT_RETURN_TYPE = YES;
				GCC_WARN_CHECK_SWITCH_STATEMENTS = YES;
				GCC_WARN_INITIALIZER_NOT_FULLY_BRACKETED = YES;
				GCC_WARN_MISSING_PARENTHESES = YES;
				GCC_WARN_SHADOW = YES;
				GCC_WARN_SIGN_COMPARE = YES;
				GCC_WARN_TYPECHECK_CALLS_TO_PRINTF = YES;
				GCC_WARN_UNDECLARED_SELECTOR = YES;
				GCC_WARN_UNINITIALIZED_AUTOS = YES;
				GCC_WARN_UNUSED_FUNCTION = YES;
				GCC_WARN_UNUSED_LABEL = YES;
				GCC_WARN_UNUSED_VALUE = YES;
				GCC_WARN_UNUSED_VARIABLE = YES;
				IPHONEOS_DEPLOYMENT_TARGET = 8.0;
				ONLY_ACTIVE_ARCH = YES;
				RUN_CLANG_STATIC_ANALYZER = YES;
				SDKROOT = iphoneos;
			};
			name = Debug;
		};
		F912FCFDBA304373073BECD5 /* Release */ = {
			isa = XCBuildConfiguration;
			buildSettings = {
				BUNDLE_LOADER = "$(BUILT_PRODUCTS_DIR)/Secrets.app/Secrets";
				CLANG_ENABLE_MODULES = YES;
				FRAMEWORK_SEARCH_PATHS = (
					"$(SDKROOT)/Developer/Library/Frameworks",
					"$(inherited)",
					"$(DEVELOPER_FRAMEWORKS_DIR)",
					"$(PROJECT_DIR)/Carthage/Build/iOS",
				);
				INFOPLIST_FILE = "UnitTests/Resources/UnitTests-Info.plist";
				LD_RUNPATH_SEARCH_PATHS = "$(inherited) @executable_path/Frameworks @loader_path/Frameworks";
				PRODUCT_NAME = "$(TARGET_NAME)";
				SDKROOT = iphoneos;
				SKIP_INSTALL = YES;
				TEST_HOST = "$(BUNDLE_LOADER)";
				WRAPPER_EXTENSION = xctest;
			};
			name = Release;
		};
/* End XCBuildConfiguration section */

/* Begin XCConfigurationList section */
		3D1FAE347DF1A3A2930478D5 /* Build configuration list for PBXNativeTarget "UnitTests" */ = {
			isa = XCConfigurationList;
			buildConfigurations = (
				F912FCFDBA304373073BECD5 /* Release */,
				35538C8A340A1C2D9B18EDC9 /* Debug */,
			);
			defaultConfigurationIsVisible = 0;
			defaultConfigurationName = Release;
		};
		470DCB7613DEB2C93E0DE973 /* Build configuration list for PBXProject "Secrets" */ = {
			isa = XCConfigurationList;
			buildConfigurations = (
				EFA3DD6B25255D56BABD3F84 /* Debug */,
				DD1EB854953D57986A964002 /* Release */,
			);
			defaultConfigurationIsVisible = 0;
			defaultConfigurationName = Release;
		};
		485104B562C56BBA94077369 /* Build configuration list for PBXNativeTarget "Secrets" */ = {
			isa = XCConfigurationList;
			buildConfigurations = (
				334D6B8514761F266F24F96F /* Release */,
				279623D354009D0EF9F8AEAD /* Debug */,
			);
			defaultConfigurationIsVisible = 0;
			defaultConfigurationName = Release;
		};
/* End XCConfigurationList section */
	};
	rootObject = 065CB9E3675DA24E083460F6 /* Project object */;
}
